{
  "name": "learning-tydd-reason",
  "version": "0.1.0",
  "lockfileVersion": 1,
  "requires": true,
  "dependencies": {
    "bs-platform": {
      "version": "2.2.2",
      "resolved": "https://registry.npmjs.org/bs-platform/-/bs-platform-2.2.2.tgz",
      "integrity": "sha1-lf83cZdxu/MQ6Ddv7dEUiGXA2hk=",
      "dev": true
    }
  }
}
